
Microsoft Visual Studio Solution File, Format Version 12.00
# Visual Studio Version 17
VisualStudioVersion = 17.5.33530.505
MinimumVisualStudioVersion = 10.0.40219.1
Project("{FAE04EC0-301F-11D3-BF4B-00C04F79EFBC}") = "Gestion_Paie", "Gestion_Paie.csproj", "{2139CA30-883F-4680-8D6A-7DDAA87BFE1B}"
EndProject
Global
	GlobalSection(SolutionConfigurationPlatforms) = preSolution
		Debug|Any CPU = Debug|Any CPU
		Release|Any CPU = Release|Any CPU
	EndGlobalSection
	GlobalSection(ProjectConfigurationPlatforms) = postSolution
		{2139CA30-883F-4680-8D6A-7DDAA87BFE1B}.Debug|Any CPU.ActiveCfg = Debug|Any CPU
		{2139CA30-883F-4680-8D6A-7DDAA87BFE1B}.Debug|Any CPU.Build.0 = Debug|Any CPU
		{2139CA30-883F-4680-8D6A-7DDAA87BFE1B}.Release|Any CPU.ActiveCfg = Release|Any CPU
		{2139CA30-883F-4680-8D6A-7DDAA87BFE1B}.Release|Any CPU.Build.0 = Release|Any CPU
	EndGlobalSection
	GlobalSection(SolutionProperties) = preSolution
		HideSolutionNode = FALSE
	EndGlobalSection
	GlobalSection(ExtensibilityGlobals) = postSolution
		SolutionGuid = {E911016E-C0DE-41CA-A7D0-81A4C9289A69}
	EndGlobalSection
EndGlobal
