
Microsoft Visual Studio Solution File, Format Version 12.00
# Visual Studio Version 17
VisualStudioVersion = 17.5.33516.290
MinimumVisualStudioVersion = 10.0.40219.1
Project("{FAE04EC0-301F-11D3-BF4B-00C04F79EFBC}") = "Paiement", "Paiement\Paiement.csproj", "{C9514C4A-FA6D-4A04-89CB-BCF682A8B1B3}"
EndProject
Global
	GlobalSection(SolutionConfigurationPlatforms) = preSolution
		Debug|Any CPU = Debug|Any CPU
		Release|Any CPU = Release|Any CPU
	EndGlobalSection
	GlobalSection(ProjectConfigurationPlatforms) = postSolution
		{C9514C4A-FA6D-4A04-89CB-BCF682A8B1B3}.Debug|Any CPU.ActiveCfg = Debug|Any CPU
		{C9514C4A-FA6D-4A04-89CB-BCF682A8B1B3}.Debug|Any CPU.Build.0 = Debug|Any CPU
		{C9514C4A-FA6D-4A04-89CB-BCF682A8B1B3}.Release|Any CPU.ActiveCfg = Release|Any CPU
		{C9514C4A-FA6D-4A04-89CB-BCF682A8B1B3}.Release|Any CPU.Build.0 = Release|Any CPU
	EndGlobalSection
	GlobalSection(SolutionProperties) = preSolution
		HideSolutionNode = FALSE
	EndGlobalSection
	GlobalSection(ExtensibilityGlobals) = postSolution
		SolutionGuid = {58582C92-978E-4E99-A45A-B41DE7CB7BCE}
	EndGlobalSection
EndGlobal
